PODS:
  - Alamofire (4.7.2)
  - Keychain (0.3.1)
  - SDWebImage (4.3.3):
    - SDWebImage/Core (= 4.3.3)
  - SDWebImage/Core (4.3.3)
  - SwiftyJSON (4.1.0)

DEPENDENCIES:
  - Alamofire
  - Keychain
  - SDWebImage
  - SwiftyJSON

SPEC REPOS:
  https://github.com/CocoaPods/Specs.git:
    - Alamofire
    - Keychain
    - SDWebImage
    - SwiftyJSON

SPEC CHECKSUMS:
  Alamofire: e4fa87002c137ba2d8d634d2c51fabcda0d5c223
  Keychain: ef812eafcf6593fe4409b07cfecc00b95fb373ed
  SDWebImage: de4d90b5bff3571eae7bd16202b1f43135409fa5
  SwiftyJSON: c29297daf073d2aa016295d5809cdd68045c39b3

PODFILE CHECKSUM: ed6a100b2301c9393220a387c6a1e9abefbf68fa

COCOAPODS: 1.5.0
